
Microsoft Visual Studio Solution File, Format Version 12.00
# Visual Studio 15
VisualStudioVersion = 15.0.27004.2009
MinimumVisualStudioVersion = 10.0.40219.1
Project("{2150E333-8FDC-42A3-9474-1A3956D46DE8}") = "Host", "Host", "{7FB22A67-97DE-44C1-A694-8FA865101EC3}"
EndProject
Project("{2150E333-8FDC-42A3-9474-1A3956D46DE8}") = "Sources", "Sources", "{AE000648-0DC2-4D61-89C6-9F9C306CAFBD}"
EndProject
Project("{2150E333-8FDC-42A3-9474-1A3956D46DE8}") = "Tests", "Tests", "{910EB6BB-1887-4F50-A8E7-F5DFD1972D41}"
EndProject
Project("{2150E333-8FDC-42A3-9474-1A3956D46DE8}") = "Contract", "Contract", "{D2B9A904-0765-4B3D-9ADF-71BA344F7260}"
EndProject
Project("{FAE04EC0-301F-11D3-BF4B-00C04F79EFBC}") = "MultiCultureCities.Console", "MultiCultureCities.Console\MultiCultureCities.Console.csproj", "{C05C4EDA-2984-4ED9-A847-17DC0B957263}"
EndProject
Project("{FAE04EC0-301F-11D3-BF4B-00C04F79EFBC}") = "MultiCultureCities.Contract", "MultiCultureCities.Contract\MultiCultureCities.Contract.csproj", "{5F98555F-4B39-452F-8576-6DE8D84E5ACD}"
EndProject
Global
	GlobalSection(SolutionConfigurationPlatforms) = preSolution
		Debug|Any CPU = Debug|Any CPU
		Release|Any CPU = Release|Any CPU
	EndGlobalSection
	GlobalSection(ProjectConfigurationPlatforms) = postSolution
		{C05C4EDA-2984-4ED9-A847-17DC0B957263}.Debug|Any CPU.ActiveCfg = Debug|Any CPU
		{C05C4EDA-2984-4ED9-A847-17DC0B957263}.Debug|Any CPU.Build.0 = Debug|Any CPU
		{C05C4EDA-2984-4ED9-A847-17DC0B957263}.Release|Any CPU.ActiveCfg = Release|Any CPU
		{C05C4EDA-2984-4ED9-A847-17DC0B957263}.Release|Any CPU.Build.0 = Release|Any CPU
		{5F98555F-4B39-452F-8576-6DE8D84E5ACD}.Debug|Any CPU.ActiveCfg = Debug|Any CPU
		{5F98555F-4B39-452F-8576-6DE8D84E5ACD}.Debug|Any CPU.Build.0 = Debug|Any CPU
		{5F98555F-4B39-452F-8576-6DE8D84E5ACD}.Release|Any CPU.ActiveCfg = Release|Any CPU
		{5F98555F-4B39-452F-8576-6DE8D84E5ACD}.Release|Any CPU.Build.0 = Release|Any CPU
	EndGlobalSection
	GlobalSection(SolutionProperties) = preSolution
		HideSolutionNode = FALSE
	EndGlobalSection
	GlobalSection(NestedProjects) = preSolution
		{C05C4EDA-2984-4ED9-A847-17DC0B957263} = {7FB22A67-97DE-44C1-A694-8FA865101EC3}
		{5F98555F-4B39-452F-8576-6DE8D84E5ACD} = {D2B9A904-0765-4B3D-9ADF-71BA344F7260}
	EndGlobalSection
	GlobalSection(ExtensibilityGlobals) = postSolution
		SolutionGuid = {E007F6C7-609D-4EA3-9663-EA159F657A61}
	EndGlobalSection
EndGlobal
